// !$*UTF8*$!
{
	archiveVersion = 1;
	classes = {
	};
	objectVersion = 50;
	objects = {

/* Begin PBXBuildFile section */
		11624BCE7E5A841E7988D760 /* Pods_BooKT.framework in Frameworks */ = {isa = PBXBuildFile; fileRef = 0989D06DDA03C503B622BDAA /* Pods_BooKT.framework */; };
		DC22F8CC21EF647200D51DCB /* GoogleService-Info.plist in Resources */ = {isa = PBXBuildFile; fileRef = DC22F8CB21EF647200D51DCB /* GoogleService-Info.plist */; };
		DC53A8A521EF32AF009F7607 /* AppDelegate.swift in Sources */ = {isa = PBXBuildFile; fileRef = DC53A8A421EF32AF009F7607 /* AppDelegate.swift */; };
		DC53A8AA21EF32AF009F7607 /* Main.storyboard in Resources */ = {isa = PBXBuildFile; fileRef = DC53A8A821EF32AF009F7607 /* Main.storyboard */; };
		DC53A8AC21EF32B0009F7607 /* Assets.xcassets in Resources */ = {isa = PBXBuildFile; fileRef = DC53A8AB21EF32B0009F7607 /* Assets.xcassets */; };
		DC53A8AF21EF32B0009F7607 /* LaunchScreen.storyboard in Resources */ = {isa = PBXBuildFile; fileRef = DC53A8AD21EF32B0009F7607 /* LaunchScreen.storyboard */; };
		DC91823921F8668500861B9B /* RestaurantsVC.swift in Sources */ = {isa = PBXBuildFile; fileRef = DC91823821F8668500861B9B /* RestaurantsVC.swift */; };
		DC91823D21F8818800861B9B /* HeaderRestaurantsReuseableView.swift in Sources */ = {isa = PBXBuildFile; fileRef = DC91823C21F8818800861B9B /* HeaderRestaurantsReuseableView.swift */; };
		DC91824221F8A5F900861B9B /* RestaurantCell.swift in Sources */ = {isa = PBXBuildFile; fileRef = DC91824021F8A5F900861B9B /* RestaurantCell.swift */; };
		DC91824321F8A5F900861B9B /* RestaurantCell.xib in Resources */ = {isa = PBXBuildFile; fileRef = DC91824121F8A5F900861B9B /* RestaurantCell.xib */; };
		DCA7CAF821F5B3E3003FD0FD /* HomeVC.swift in Sources */ = {isa = PBXBuildFile; fileRef = DCA7CAF721F5B3E3003FD0FD /* HomeVC.swift */; };
		DCA7CAFC21F5C1B1003FD0FD /* galleryCell.swift in Sources */ = {isa = PBXBuildFile; fileRef = DCA7CAFB21F5C1B1003FD0FD /* galleryCell.swift */; };
		DCA7CAFE21F5E65C003FD0FD /* HeaderReuseableView.swift in Sources */ = {isa = PBXBuildFile; fileRef = DCA7CAFD21F5E65C003FD0FD /* HeaderReuseableView.swift */; };
/* End PBXBuildFile section */

/* Begin PBXFileReference section */
		0989D06DDA03C503B622BDAA /* Pods_BooKT.framework */ = {isa = PBXFileReference; explicitFileType = wrapper.framework; includeInIndex = 0; path = Pods_BooKT.framework; sourceTree = BUILT_PRODUCTS_DIR; };
		48990C34F2EFF42AB459A694 /* Pods-BooKT.release.xcconfig */ = {isa = PBXFileReference; includeInIndex = 1; lastKnownFileType = text.xcconfig; name = "Pods-BooKT.release.xcconfig"; path = "Pods/Target Support Files/Pods-BooKT/Pods-BooKT.release.xcconfig"; sourceTree = "<group>"; };
		562BA65D2E4987EE31001431 /* Pods-BooKT.debug.xcconfig */ = {isa = PBXFileReference; includeInIndex = 1; lastKnownFileType = text.xcconfig; name = "Pods-BooKT.debug.xcconfig"; path = "Pods/Target Support Files/Pods-BooKT/Pods-BooKT.debug.xcconfig"; sourceTree = "<group>"; };
		DC22F8CB21EF647200D51DCB /* GoogleService-Info.plist */ = {isa = PBXFileReference; fileEncoding = 4; lastKnownFileType = text.plist.xml; path = "GoogleService-Info.plist"; sourceTree = "<group>"; };
		DC53A8A121EF32AF009F7607 /* BooKT.app */ = {isa = PBXFileReference; explicitFileType = wrapper.application; includeInIndex = 0; path = BooKT.app; sourceTree = BUILT_PRODUCTS_DIR; };
		DC53A8A421EF32AF009F7607 /* AppDelegate.swift */ = {isa = PBXFileReference; lastKnownFileType = sourcecode.swift; path = AppDelegate.swift; sourceTree = "<group>"; };
		DC53A8A921EF32AF009F7607 /* Base */ = {isa = PBXFileReference; lastKnownFileType = file.storyboard; name = Base; path = Base.lproj/Main.storyboard; sourceTree = "<group>"; };
		DC53A8AB21EF32B0009F7607 /* Assets.xcassets */ = {isa = PBXFileReference; lastKnownFileType = folder.assetcatalog; path = Assets.xcassets; sourceTree = "<group>"; };
		DC53A8AE21EF32B0009F7607 /* Base */ = {isa = PBXFileReference; lastKnownFileType = file.storyboard; name = Base; path = Base.lproj/LaunchScreen.storyboard; sourceTree = "<group>"; };
		DC53A8B021EF32B0009F7607 /* Info.plist */ = {isa = PBXFileReference; lastKnownFileType = text.plist.xml; path = Info.plist; sourceTree = "<group>"; };
		DC91823821F8668500861B9B /* RestaurantsVC.swift */ = {isa = PBXFileReference; lastKnownFileType = sourcecode.swift; path = RestaurantsVC.swift; sourceTree = "<group>"; };
		DC91823C21F8818800861B9B /* HeaderRestaurantsReuseableView.swift */ = {isa = PBXFileReference; lastKnownFileType = sourcecode.swift; path = HeaderRestaurantsReuseableView.swift; sourceTree = "<group>"; };
		DC91824021F8A5F900861B9B /* RestaurantCell.swift */ = {isa = PBXFileReference; lastKnownFileType = sourcecode.swift; path = RestaurantCell.swift; sourceTree = "<group>"; };
		DC91824121F8A5F900861B9B /* RestaurantCell.xib */ = {isa = PBXFileReference; lastKnownFileType = file.xib; path = RestaurantCell.xib; sourceTree = "<group>"; };
		DCA7CAF721F5B3E3003FD0FD /* HomeVC.swift */ = {isa = PBXFileReference; lastKnownFileType = sourcecode.swift; path = HomeVC.swift; sourceTree = "<group>"; };
		DCA7CAFB21F5C1B1003FD0FD /* galleryCell.swift */ = {isa = PBXFileReference; lastKnownFileType = sourcecode.swift; path = galleryCell.swift; sourceTree = "<group>"; };
		DCA7CAFD21F5E65C003FD0FD /* HeaderReuseableView.swift */ = {isa = PBXFileReference; lastKnownFileType = sourcecode.swift; path = HeaderReuseableView.swift; sourceTree = "<group>"; };
/* End PBXFileReference section */

/* Begin PBXFrameworksBuildPhase section */
		DC53A89E21EF32AF009F7607 /* Frameworks */ = {
			isa = PBXFrameworksBuildPhase;
			buildActionMask = 2147483647;
			files = (
				11624BCE7E5A841E7988D760 /* Pods_BooKT.framework in Frameworks */,
			);
			runOnlyForDeploymentPostprocessing = 0;
		};
/* End PBXFrameworksBuildPhase section */

/* Begin PBXGroup section */
		D6DBFB3659FE6A4BA3C2D150 /* Frameworks */ = {
			isa = PBXGroup;
			children = (
				0989D06DDA03C503B622BDAA /* Pods_BooKT.framework */,
			);
			name = Frameworks;
			sourceTree = "<group>";
		};
		D6F4659F38E4CBF54A8F8C6A /* Pods */ = {
			isa = PBXGroup;
			children = (
				562BA65D2E4987EE31001431 /* Pods-BooKT.debug.xcconfig */,
				48990C34F2EFF42AB459A694 /* Pods-BooKT.release.xcconfig */,
			);
			name = Pods;
			sourceTree = "<group>";
		};
		DC53A89821EF32AF009F7607 = {
			isa = PBXGroup;
			children = (
				DC53A8A321EF32AF009F7607 /* BooKT */,
				DC53A8A221EF32AF009F7607 /* Products */,
				D6F4659F38E4CBF54A8F8C6A /* Pods */,
				D6DBFB3659FE6A4BA3C2D150 /* Frameworks */,
			);
			sourceTree = "<group>";
		};
		DC53A8A221EF32AF009F7607 /* Products */ = {
			isa = PBXGroup;
			children = (
				DC53A8A121EF32AF009F7607 /* BooKT.app */,
			);
			name = Products;
			sourceTree = "<group>";
		};
		DC53A8A321EF32AF009F7607 /* BooKT */ = {
			isa = PBXGroup;
			children = (
				DCA7CAF621F5B38D003FD0FD /* DataServices */,
				DCA7CAF521F5B389003FD0FD /* Model */,
				DCA7CAF421F5B386003FD0FD /* View */,
				DCA7CAF321F5B382003FD0FD /* Controller */,
				DC53A8A421EF32AF009F7607 /* AppDelegate.swift */,
				DC53A8A821EF32AF009F7607 /* Main.storyboard */,
				DC53A8AB21EF32B0009F7607 /* Assets.xcassets */,
				DC53A8AD21EF32B0009F7607 /* LaunchScreen.storyboard */,
				DC53A8B021EF32B0009F7607 /* Info.plist */,
				DC22F8CB21EF647200D51DCB /* GoogleService-Info.plist */,
			);
			path = BooKT;
			sourceTree = "<group>";
		};
		DCA7CAF321F5B382003FD0FD /* Controller */ = {
			isa = PBXGroup;
			children = (
				DCA7CAF721F5B3E3003FD0FD /* HomeVC.swift */,
				DC91823821F8668500861B9B /* RestaurantsVC.swift */,
			);
			path = Controller;
			sourceTree = "<group>";
		};
		DCA7CAF421F5B386003FD0FD /* View */ = {
			isa = PBXGroup;
			children = (
				DCA7CAFB21F5C1B1003FD0FD /* galleryCell.swift */,
				DCA7CAFD21F5E65C003FD0FD /* HeaderReuseableView.swift */,
				DC91823C21F8818800861B9B /* HeaderRestaurantsReuseableView.swift */,
				DC91824021F8A5F900861B9B /* RestaurantCell.swift */,
				DC91824121F8A5F900861B9B /* RestaurantCell.xib */,
			);
			path = View;
			sourceTree = "<group>";
		};
		DCA7CAF521F5B389003FD0FD /* Model */ = {
			isa = PBXGroup;
			children = (
			);
			path = Model;
			sourceTree = "<group>";
		};
		DCA7CAF621F5B38D003FD0FD /* DataServices */ = {
			isa = PBXGroup;
			children = (
			);
			path = DataServices;
			sourceTree = "<group>";
		};
/* End PBXGroup section */

/* Begin PBXNativeTarget section */
		DC53A8A021EF32AF009F7607 /* BooKT */ = {
			isa = PBXNativeTarget;
			buildConfigurationList = DC53A8B321EF32B0009F7607 /* Build configuration list for PBXNativeTarget "BooKT" */;
			buildPhases = (
				EF9DC62E1D7BF4258B63DAD6 /* [CP] Check Pods Manifest.lock */,
				DC53A89D21EF32AF009F7607 /* Sources */,
				DC53A89E21EF32AF009F7607 /* Frameworks */,
				DC53A89F21EF32AF009F7607 /* Resources */,
				ED09A6CC97E602D3B1F3F5C9 /* [CP] Embed Pods Frameworks */,
			);
			buildRules = (
			);
			dependencies = (
			);
			name = BooKT;
			productName = BooKT;
			productReference = DC53A8A121EF32AF009F7607 /* BooKT.app */;
			productType = "com.apple.product-type.application";
		};
/* End PBXNativeTarget section */

/* Begin PBXProject section */
		DC53A89921EF32AF009F7607 /* Project object */ = {
			isa = PBXProject;
			attributes = {
				LastSwiftUpdateCheck = 1010;
				LastUpgradeCheck = 1010;
				ORGANIZATIONNAME = "Abdualziz Aljuaid";
				TargetAttributes = {
					DC53A8A021EF32AF009F7607 = {
						CreatedOnToolsVersion = 10.1;
					};
				};
			};
			buildConfigurationList = DC53A89C21EF32AF009F7607 /* Build configuration list for PBXProject "BooKT" */;
			compatibilityVersion = "Xcode 9.3";
			developmentRegion = en;
			hasScannedForEncodings = 0;
			knownRegions = (
				en,
				Base,
			);
			mainGroup = DC53A89821EF32AF009F7607;
			productRefGroup = DC53A8A221EF32AF009F7607 /* Products */;
			projectDirPath = "";
			projectRoot = "";
			targets = (
				DC53A8A021EF32AF009F7607 /* BooKT */,
			);
		};
/* End PBXProject section */

/* Begin PBXResourcesBuildPhase section */
		DC53A89F21EF32AF009F7607 /* Resources */ = {
			isa = PBXResourcesBuildPhase;
			buildActionMask = 2147483647;
			files = (
				DC53A8AF21EF32B0009F7607 /* LaunchScreen.storyboard in Resources */,
				DC53A8AC21EF32B0009F7607 /* Assets.xcassets in Resources */,
				DC22F8CC21EF647200D51DCB /* GoogleService-Info.plist in Resources */,
				DC91824321F8A5F900861B9B /* RestaurantCell.xib in Resources */,
				DC53A8AA21EF32AF009F7607 /* Main.storyboard in Resources */,
			);
			runOnlyForDeploymentPostprocessing = 0;
		};
/* End PBXResourcesBuildPhase section */

/* Begin PBXShellScriptBuildPhase section */
		ED09A6CC97E602D3B1F3F5C9 /* [CP] Embed Pods Frameworks */ = {
			isa = PBXShellScriptBuildPhase;
			buildActionMask = 2147483647;
			files = (
			);
			inputFileListPaths = (
			);
			inputPaths = (
				"${SRCROOT}/Pods/Target Support Files/Pods-BooKT/Pods-BooKT-frameworks.sh",
				"${BUILT_PRODUCTS_DIR}/GTMSessionFetcher/GTMSessionFetcher.framework",
				"${BUILT_PRODUCTS_DIR}/GoogleUtilities/GoogleUtilities.framework",
				"${BUILT_PRODUCTS_DIR}/leveldb-library/leveldb.framework",
				"${BUILT_PRODUCTS_DIR}/nanopb/nanopb.framework",
			);
			name = "[CP] Embed Pods Frameworks";
			outputFileListPaths = (
			);
			outputPaths = (
				"${TARGET_BUILD_DIR}/${FRAMEWORKS_FOLDER_PATH}/GTMSessionFetcher.framework",
				"${TARGET_BUILD_DIR}/${FRAMEWORKS_FOLDER_PATH}/GoogleUtilities.framework",
				"${TARGET_BUILD_DIR}/${FRAMEWORKS_FOLDER_PATH}/leveldb.framework",
				"${TARGET_BUILD_DIR}/${FRAMEWORKS_FOLDER_PATH}/nanopb.framework",
			);
			runOnlyForDeploymentPostprocessing = 0;
			shellPath = /bin/sh;
			shellScript = "\"${SRCROOT}/Pods/Target Support Files/Pods-BooKT/Pods-BooKT-frameworks.sh\"\n";
			showEnvVarsInLog = 0;
		};
		EF9DC62E1D7BF4258B63DAD6 /* [CP] Check Pods Manifest.lock */ = {
			isa = PBXShellScriptBuildPhase;
			buildActionMask = 2147483647;
			files = (
			);
			inputFileListPaths = (
			);
			inputPaths = (
				"${PODS_PODFILE_DIR_PATH}/Podfile.lock",
				"${PODS_ROOT}/Manifest.lock",
			);
			name = "[CP] Check Pods Manifest.lock";
			outputFileListPaths = (
			);
			outputPaths = (
				"$(DERIVED_FILE_DIR)/Pods-BooKT-checkManifestLockResult.txt",
			);
			runOnlyForDeploymentPostprocessing = 0;
			shellPath = /bin/sh;
			shellScript = "diff \"${PODS_PODFILE_DIR_PATH}/Podfile.lock\" \"${PODS_ROOT}/Manifest.lock\" > /dev/null\nif [ $? != 0 ] ; then\n    # print error to STDERR\n    echo \"error: The sandbox is not in sync with the Podfile.lock. Run 'pod install' or update your CocoaPods installation.\" >&2\n    exit 1\nfi\n# This output is used by Xcode 'outputs' to avoid re-running this script phase.\necho \"SUCCESS\" > \"${SCRIPT_OUTPUT_FILE_0}\"\n";
			showEnvVarsInLog = 0;
		};
/* End PBXShellScriptBuildPhase section */

/* Begin PBXSourcesBuildPhase section */
		DC53A89D21EF32AF009F7607 /* Sources */ = {
			isa = PBXSourcesBuildPhase;
			buildActionMask = 2147483647;
			files = (
				DC91823921F8668500861B9B /* RestaurantsVC.swift in Sources */,
				DCA7CAFE21F5E65C003FD0FD /* HeaderReuseableView.swift in Sources */,
				DCA7CAFC21F5C1B1003FD0FD /* galleryCell.swift in Sources */,
				DC91823D21F8818800861B9B /* HeaderRestaurantsReuseableView.swift in Sources */,
				DC53A8A521EF32AF009F7607 /* AppDelegate.swift in Sources */,
				DCA7CAF821F5B3E3003FD0FD /* HomeVC.swift in Sources */,
				DC91824221F8A5F900861B9B /* RestaurantCell.swift in Sources */,
			);
			runOnlyForDeploymentPostprocessing = 0;
		};
/* End PBXSourcesBuildPhase section */

/* Begin PBXVariantGroup section */
		DC53A8A821EF32AF009F7607 /* Main.storyboard */ = {
			isa = PBXVariantGroup;
			children = (
				DC53A8A921EF32AF009F7607 /* Base */,
			);
			name = Main.storyboard;
			sourceTree = "<group>";
		};
		DC53A8AD21EF32B0009F7607 /* LaunchScreen.storyboard */ = {
			isa = PBXVariantGroup;
			children = (
				DC53A8AE21EF32B0009F7607 /* Base */,
			);
			name = LaunchScreen.storyboard;
			sourceTree = "<group>";
		};
/* End PBXVariantGroup section */

/* Begin XCBuildConfiguration section */
		DC53A8B121EF32B0009F7607 /* Debug */ = {
			isa = XCBuildConfiguration;
			buildSettings = {
				ALWAYS_SEARCH_USER_PATHS = NO;
				CLANG_ANALYZER_NONNULL = YES;
				CLANG_ANALYZER_NUMBER_OBJECT_CONVERSION = YES_AGGRESSIVE;
				CLANG_CXX_LANGUAGE_STANDARD = "gnu++14";
				CLANG_CXX_LIBRARY = "libc++";
				CLANG_ENABLE_MODULES = YES;
				CLANG_ENABLE_OBJC_ARC = YES;
				CLANG_ENABLE_OBJC_WEAK = YES;
				CLANG_WARN_BLOCK_CAPTURE_AUTORELEASING = YES;
				CLANG_WARN_BOOL_CONVERSION = YES;
				CLANG_WARN_COMMA = YES;
				CLANG_WARN_CONSTANT_CONVERSION = YES;
				CLANG_WARN_DEPRECATED_OBJC_IMPLEMENTATIONS = YES;
				CLANG_WARN_DIRECT_OBJC_ISA_USAGE = YES_ERROR;
				CLANG_WARN_DOCUMENTATION_COMMENTS = YES;
				CLANG_WARN_EMPTY_BODY = YES;
				CLANG_WARN_ENUM_CONVERSION = YES;
				CLANG_WARN_INFINITE_RECURSION = YES;
				CLANG_WARN_INT_CONVERSION = YES;
				CLANG_WARN_NON_LITERAL_NULL_CONVERSION = YES;
				CLANG_WARN_OBJC_IMPLICIT_RETAIN_SELF = YES;
				CLANG_WARN_OBJC_LITERAL_CONVERSION = YES;
				CLANG_WARN_OBJC_ROOT_CLASS = YES_ERROR;
				CLANG_WARN_RANGE_LOOP_ANALYSIS = YES;
				CLANG_WARN_STRICT_PROTOTYPES = YES;
				CLANG_WARN_SUSPICIOUS_MOVE = YES;
				CLANG_WARN_UNGUARDED_AVAILABILITY = YES_AGGRESSIVE;
				CLANG_WARN_UNREACHABLE_CODE = YES;
				CLANG_WARN__DUPLICATE_METHOD_MATCH = YES;
				CODE_SIGN_IDENTITY = "iPhone Developer";
				COPY_PHASE_STRIP = NO;
				DEBUG_INFORMATION_FORMAT = dwarf;
				ENABLE_STRICT_OBJC_MSGSEND = YES;
				ENABLE_TESTABILITY = YES;
				GCC_C_LANGUAGE_STANDARD = gnu11;
				GCC_DYNAMIC_NO_PIC = NO;
				GCC_NO_COMMON_BLOCKS = YES;
				GCC_OPTIMIZATION_LEVEL = 0;
				GCC_PREPROCESSOR_DEFINITIONS = (
					"DEBUG=1",
					"$(inherited)",
				);
				GCC_WARN_64_TO_32_BIT_CONVERSION = YES;
				GCC_WARN_ABOUT_RETURN_TYPE = YES_ERROR;
				GCC_WARN_UNDECLARED_SELECTOR = YES;
				GCC_WARN_UNINITIALIZED_AUTOS = YES_AGGRESSIVE;
				GCC_WARN_UNUSED_FUNCTION = YES;
				GCC_WARN_UNUSED_VARIABLE = YES;
				IPHONEOS_DEPLOYMENT_TARGET = 12.1;
				MTL_ENABLE_DEBUG_INFO = INCLUDE_SOURCE;
				MTL_FAST_MATH = YES;
				ONLY_ACTIVE_ARCH = YES;
				SDKROOT = iphoneos;
				SWIFT_ACTIVE_COMPILATION_CONDITIONS = DEBUG;
				SWIFT_OPTIMIZATION_LEVEL = "-Onone";
			};
			name = Debug;
		};
		DC53A8B221EF32B0009F7607 /* Release */ = {
			isa = XCBuildConfiguration;
			buildSettings = {
				ALWAYS_SEARCH_USER_PATHS = NO;
				CLANG_ANALYZER_NONNULL = YES;
				CLANG_ANALYZER_NUMBER_OBJECT_CONVERSION = YES_AGGRESSIVE;
				CLANG_CXX_LANGUAGE_STANDARD = "gnu++14";
				CLANG_CXX_LIBRARY = "libc++";
				CLANG_ENABLE_MODULES = YES;
				CLANG_ENABLE_OBJC_ARC = YES;
				CLANG_ENABLE_OBJC_WEAK = YES;
				CLANG_WARN_BLOCK_CAPTURE_AUTORELEASING = YES;
				CLANG_WARN_BOOL_CONVERSION = YES;
				CLANG_WARN_COMMA = YES;
				CLANG_WARN_CONSTANT_CONVERSION = YES;
				CLANG_WARN_DEPRECATED_OBJC_IMPLEMENTATIONS = YES;
				CLANG_WARN_DIRECT_OBJC_ISA_USAGE = YES_ERROR;
				CLANG_WARN_DOCUMENTATION_COMMENTS = YES;
				CLANG_WARN_EMPTY_BODY = YES;
				CLANG_WARN_ENUM_CONVERSION = YES;
				CLANG_WARN_INFINITE_RECURSION = YES;
				CLANG_WARN_INT_CONVERSION = YES;
				CLANG_WARN_NON_LITERAL_NULL_CONVERSION = YES;
				CLANG_WARN_OBJC_IMPLICIT_RETAIN_SELF = YES;
				CLANG_WARN_OBJC_LITERAL_CONVERSION = YES;
				CLANG_WARN_OBJC_ROOT_CLASS = YES_ERROR;
				CLANG_WARN_RANGE_LOOP_ANALYSIS = YES;
				CLANG_WARN_STRICT_PROTOTYPES = YES;
				CLANG_WARN_SUSPICIOUS_MOVE = YES;
				CLANG_WARN_UNGUARDED_AVAILABILITY = YES_AGGRESSIVE;
				CLANG_WARN_UNREACHABLE_CODE = YES;
				CLANG_WARN__DUPLICATE_METHOD_MATCH = YES;
				CODE_SIGN_IDENTITY = "iPhone Developer";
				COPY_PHASE_STRIP = NO;
				DEBUG_INFORMATION_FORMAT = "dwarf-with-dsym";
				ENABLE_NS_ASSERTIONS = NO;
				ENABLE_STRICT_OBJC_MSGSEND = YES;
				GCC_C_LANGUAGE_STANDARD = gnu11;
				GCC_NO_COMMON_BLOCKS = YES;
				GCC_WARN_64_TO_32_BIT_CONVERSION = YES;
				GCC_WARN_ABOUT_RETURN_TYPE = YES_ERROR;
				GCC_WARN_UNDECLARED_SELECTOR = YES;
				GCC_WARN_UNINITIALIZED_AUTOS = YES_AGGRESSIVE;
				GCC_WARN_UNUSED_FUNCTION = YES;
				GCC_WARN_UNUSED_VARIABLE = YES;
				IPHONEOS_DEPLOYMENT_TARGET = 12.1;
				MTL_ENABLE_DEBUG_INFO = NO;
				MTL_FAST_MATH = YES;
				SDKROOT = iphoneos;
				SWIFT_COMPILATION_MODE = wholemodule;
				SWIFT_OPTIMIZATION_LEVEL = "-O";
				VALIDATE_PRODUCT = YES;
			};
			name = Release;
		};
		DC53A8B421EF32B0009F7607 /* Debug */ = {
			isa = XCBuildConfiguration;
			baseConfigurationReference = 562BA65D2E4987EE31001431 /* Pods-BooKT.debug.xcconfig */;
			buildSettings = {
				ASSETCATALOG_COMPILER_APPICON_NAME = AppIcon;
				CODE_SIGN_STYLE = Automatic;
				INFOPLIST_FILE = BooKT/Info.plist;
				LD_RUNPATH_SEARCH_PATHS = (
					"$(inherited)",
					"@executable_path/Frameworks",
				);
				PRODUCT_BUNDLE_IDENTIFIER = com.AljuaidAbdulaziz.BooKT;
				PRODUCT_NAME = "$(TARGET_NAME)";
				SWIFT_VERSION = 4.2;
				TARGETED_DEVICE_FAMILY = "1,2";
			};
			name = Debug;
		};
		DC53A8B521EF32B0009F7607 /* Release */ = {
			isa = XCBuildConfiguration;
			baseConfigurationReference = 48990C34F2EFF42AB459A694 /* Pods-BooKT.release.xcconfig */;
			buildSettings = {
				ASSETCATALOG_COMPILER_APPICON_NAME = AppIcon;
				CODE_SIGN_STYLE = Automatic;
				INFOPLIST_FILE = BooKT/Info.plist;
				LD_RUNPATH_SEARCH_PATHS = (
					"$(inherited)",
					"@executable_path/Frameworks",
				);
				PRODUCT_BUNDLE_IDENTIFIER = com.AljuaidAbdulaziz.BooKT;
				PRODUCT_NAME = "$(TARGET_NAME)";
				SWIFT_VERSION = 4.2;
				TARGETED_DEVICE_FAMILY = "1,2";
			};
			name = Release;
		};
/* End XCBuildConfiguration section */

/* Begin XCConfigurationList section */
		DC53A89C21EF32AF009F7607 /* Build configuration list for PBXProject "BooKT" */ = {
			isa = XCConfigurationList;
			buildConfigurations = (
				DC53A8B121EF32B0009F7607 /* Debug */,
				DC53A8B221EF32B0009F7607 /* Release */,
			);
			defaultConfigurationIsVisible = 0;
			defaultConfigurationName = Release;
		};
		DC53A8B321EF32B0009F7607 /* Build configuration list for PBXNativeTarget "BooKT" */ = {
			isa = XCConfigurationList;
			buildConfigurations = (
				DC53A8B421EF32B0009F7607 /* Debug */,
				DC53A8B521EF32B0009F7607 /* Release */,
			);
			defaultConfigurationIsVisible = 0;
			defaultConfigurationName = Release;
		};
/* End XCConfigurationList section */
	};
	rootObject = DC53A89921EF32AF009F7607 /* Project object */;
}
